// !$*UTF8*$!
{
	archiveVersion = 1;
	classes = {
	};
	objectVersion = 46;
	objects = {

/* Begin PBXBuildFile section */
		842459DB1D842B0500CCF60A /* GooglePlaces.framework in Frameworks */ = {isa = PBXBuildFile; fileRef = 842459DA1D842B0500CCF60A /* GooglePlaces.framework */; };
		842459DD1D842B1C00CCF60A /* GoogleMapsBase.framework in Frameworks */ = {isa = PBXBuildFile; fileRef = 842459DC1D842B1C00CCF60A /* GoogleMapsBase.framework */; };
		842459DF1D842BBB00CCF60A /* GooglePlaces.bundle in Resources */ = {isa = PBXBuildFile; fileRef = 842459DE1D842BBB00CCF60A /* GooglePlaces.bundle */; };
		842459E11D842BE400CCF60A /* Accelerate.framework in Frameworks */ = {isa = PBXBuildFile; fileRef = 842459E01D842BE400CCF60A /* Accelerate.framework */; };
		842459E31D842BEA00CCF60A /* CoreData.framework in Frameworks */ = {isa = PBXBuildFile; fileRef = 842459E21D842BEA00CCF60A /* CoreData.framework */; };
		842459E51D842BEF00CCF60A /* CoreGraphics.framework in Frameworks */ = {isa = PBXBuildFile; fileRef = 842459E41D842BEF00CCF60A /* CoreGraphics.framework */; };
		842459E71D842BF900CCF60A /* CoreText.framework in Frameworks */ = {isa = PBXBuildFile; fileRef = 842459E61D842BF900CCF60A /* CoreText.framework */; };
		842459E91D842BFE00CCF60A /* GLKit.framework in Frameworks */ = {isa = PBXBuildFile; fileRef = 842459E81D842BFE00CCF60A /* GLKit.framework */; };
		842459EB1D842C0200CCF60A /* ImageIO.framework in Frameworks */ = {isa = PBXBuildFile; fileRef = 842459EA1D842C0200CCF60A /* ImageIO.framework */; };
		842459ED1D842C3F00CCF60A /* libc++.tbd in Frameworks */ = {isa = PBXBuildFile; fileRef = 842459EC1D842C3F00CCF60A /* libc++.tbd */; };
		842459EF1D842C4600CCF60A /* libz.tbd in Frameworks */ = {isa = PBXBuildFile; fileRef = 842459EE1D842C4600CCF60A /* libz.tbd */; };
		842459F11D842C4A00CCF60A /* OpenGLES.framework in Frameworks */ = {isa = PBXBuildFile; fileRef = 842459F01D842C4A00CCF60A /* OpenGLES.framework */; };
		842459F31D842C4F00CCF60A /* QuartzCore.framework in Frameworks */ = {isa = PBXBuildFile; fileRef = 842459F21D842C4F00CCF60A /* QuartzCore.framework */; };
		842459F51D842C5400CCF60A /* SystemConfiguration.framework in Frameworks */ = {isa = PBXBuildFile; fileRef = 842459F41D842C5400CCF60A /* SystemConfiguration.framework */; };
		842459F71D842C5900CCF60A /* UIKit.framework in Frameworks */ = {isa = PBXBuildFile; fileRef = 842459F61D842C5900CCF60A /* UIKit.framework */; };
		8456EBA61D83B27A00F37512 /* PostCheckin.storyboard in Resources */ = {isa = PBXBuildFile; fileRef = 8456EBA51D83B27A00F37512 /* PostCheckin.storyboard */; };
		8456EBA81D83B36000F37512 /* HPGettingReadyViewController.swift in Sources */ = {isa = PBXBuildFile; fileRef = 8456EBA71D83B36000F37512 /* HPGettingReadyViewController.swift */; };
		8456EBAA1D83B75C00F37512 /* CheckMarkButton.swift in Sources */ = {isa = PBXBuildFile; fileRef = 8456EBA91D83B75C00F37512 /* CheckMarkButton.swift */; };
		8456EBAC1D83C54700F37512 /* HWDuringStayViewController.swift in Sources */ = {isa = PBXBuildFile; fileRef = 8456EBAB1D83C54700F37512 /* HWDuringStayViewController.swift */; };
		84B4936F1D8472DF002DB3FA /* CloudKit.framework in Frameworks */ = {isa = PBXBuildFile; fileRef = 84B4936E1D8472DF002DB3FA /* CloudKit.framework */; };
		CD07057B1D83AE7F000D3E6C /* AppDelegate.swift in Sources */ = {isa = PBXBuildFile; fileRef = CD07057A1D83AE7F000D3E6C /* AppDelegate.swift */; };
		CD0705801D83AE7F000D3E6C /* Main.storyboard in Resources */ = {isa = PBXBuildFile; fileRef = CD07057E1D83AE7F000D3E6C /* Main.storyboard */; };
		CD0705821D83AE7F000D3E6C /* Assets.xcassets in Resources */ = {isa = PBXBuildFile; fileRef = CD0705811D83AE7F000D3E6C /* Assets.xcassets */; };
		CD0705851D83AE7F000D3E6C /* LaunchScreen.storyboard in Resources */ = {isa = PBXBuildFile; fileRef = CD0705831D83AE7F000D3E6C /* LaunchScreen.storyboard */; };
		CD07058D1D83B1CF000D3E6C /* HPButton.swift in Sources */ = {isa = PBXBuildFile; fileRef = CD07058C1D83B1CF000D3E6C /* HPButton.swift */; };
		CD07058F1D83B984000D3E6C /* PHWelcomeViewController.swift in Sources */ = {isa = PBXBuildFile; fileRef = CD07058E1D83B984000D3E6C /* PHWelcomeViewController.swift */; };
		CD0705911D83B994000D3E6C /* PHCheckinViewController.swift in Sources */ = {isa = PBXBuildFile; fileRef = CD0705901D83B994000D3E6C /* PHCheckinViewController.swift */; };
		CD0705941D83BB64000D3E6C /* MapKit.framework in Frameworks */ = {isa = PBXBuildFile; fileRef = CD0705931D83BB64000D3E6C /* MapKit.framework */; };
		CD6ECE401D83C5F800092608 /* CoreLocation.framework in Frameworks */ = {isa = PBXBuildFile; fileRef = CD6ECE3F1D83C5F800092608 /* CoreLocation.framework */; };
		CD6ECE421D84244600092608 /* PHUtilities.swift in Sources */ = {isa = PBXBuildFile; fileRef = CD6ECE411D84244600092608 /* PHUtilities.swift */; };
		CD6ECE871D84445100092608 /* PHProblemsViewController.swift in Sources */ = {isa = PBXBuildFile; fileRef = CD6ECE861D84445100092608 /* PHProblemsViewController.swift */; };
		CD7714DD1D844DA9005279EE /* PHCameraViewController.swift in Sources */ = {isa = PBXBuildFile; fileRef = CD7714DC1D844DA9005279EE /* PHCameraViewController.swift */; };
		CD7714DF1D844E7D005279EE /* AVKit.framework in Frameworks */ = {isa = PBXBuildFile; fileRef = CD7714DE1D844E7D005279EE /* AVKit.framework */; };
		CD7714E11D844EA9005279EE /* AVFoundation.framework in Frameworks */ = {isa = PBXBuildFile; fileRef = CD7714E01D844EA9005279EE /* AVFoundation.framework */; };
/* End PBXBuildFile section */

/* Begin PBXFileReference section */
		842459DA1D842B0500CCF60A /* GooglePlaces.framework */ = {isa = PBXFileReference; lastKnownFileType = wrapper.framework; path = GooglePlaces.framework; sourceTree = "<group>"; };
		842459DC1D842B1C00CCF60A /* GoogleMapsBase.framework */ = {isa = PBXFileReference; lastKnownFileType = wrapper.framework; path = GoogleMapsBase.framework; sourceTree = "<group>"; };
		842459DE1D842BBB00CCF60A /* GooglePlaces.bundle */ = {isa = PBXFileReference; lastKnownFileType = "wrapper.plug-in"; name = GooglePlaces.bundle; path = GooglePlaces.framework/Versions/A/Resources/GooglePlaces.bundle; sourceTree = SOURCE_ROOT; };
		842459E01D842BE400CCF60A /* Accelerate.framework */ = {isa = PBXFileReference; lastKnownFileType = wrapper.framework; name = Accelerate.framework; path = System/Library/Frameworks/Accelerate.framework; sourceTree = SDKROOT; };
		842459E21D842BEA00CCF60A /* CoreData.framework */ = {isa = PBXFileReference; lastKnownFileType = wrapper.framework; name = CoreData.framework; path = System/Library/Frameworks/CoreData.framework; sourceTree = SDKROOT; };
		842459E41D842BEF00CCF60A /* CoreGraphics.framework */ = {isa = PBXFileReference; lastKnownFileType = wrapper.framework; name = CoreGraphics.framework; path = System/Library/Frameworks/CoreGraphics.framework; sourceTree = SDKROOT; };
		842459E61D842BF900CCF60A /* CoreText.framework */ = {isa = PBXFileReference; lastKnownFileType = wrapper.framework; name = CoreText.framework; path = System/Library/Frameworks/CoreText.framework; sourceTree = SDKROOT; };
		842459E81D842BFE00CCF60A /* GLKit.framework */ = {isa = PBXFileReference; lastKnownFileType = wrapper.framework; name = GLKit.framework; path = System/Library/Frameworks/GLKit.framework; sourceTree = SDKROOT; };
		842459EA1D842C0200CCF60A /* ImageIO.framework */ = {isa = PBXFileReference; lastKnownFileType = wrapper.framework; name = ImageIO.framework; path = System/Library/Frameworks/ImageIO.framework; sourceTree = SDKROOT; };
		842459EC1D842C3F00CCF60A /* libc++.tbd */ = {isa = PBXFileReference; lastKnownFileType = "sourcecode.text-based-dylib-definition"; name = "libc++.tbd"; path = "usr/lib/libc++.tbd"; sourceTree = SDKROOT; };
		842459EE1D842C4600CCF60A /* libz.tbd */ = {isa = PBXFileReference; lastKnownFileType = "sourcecode.text-based-dylib-definition"; name = libz.tbd; path = usr/lib/libz.tbd; sourceTree = SDKROOT; };
		842459F01D842C4A00CCF60A /* OpenGLES.framework */ = {isa = PBXFileReference; lastKnownFileType = wrapper.framework; name = OpenGLES.framework; path = System/Library/Frameworks/OpenGLES.framework; sourceTree = SDKROOT; };
		842459F21D842C4F00CCF60A /* QuartzCore.framework */ = {isa = PBXFileReference; lastKnownFileType = wrapper.framework; name = QuartzCore.framework; path = System/Library/Frameworks/QuartzCore.framework; sourceTree = SDKROOT; };
		842459F41D842C5400CCF60A /* SystemConfiguration.framework */ = {isa = PBXFileReference; lastKnownFileType = wrapper.framework; name = SystemConfiguration.framework; path = System/Library/Frameworks/SystemConfiguration.framework; sourceTree = SDKROOT; };
		842459F61D842C5900CCF60A /* UIKit.framework */ = {isa = PBXFileReference; lastKnownFileType = wrapper.framework; name = UIKit.framework; path = System/Library/Frameworks/UIKit.framework; sourceTree = SDKROOT; };
		8456EBA51D83B27A00F37512 /* PostCheckin.storyboard */ = {isa = PBXFileReference; fileEncoding = 4; lastKnownFileType = file.storyboard; name = PostCheckin.storyboard; path = ../PostCheckin.storyboard; sourceTree = "<group>"; };
		8456EBA71D83B36000F37512 /* HPGettingReadyViewController.swift */ = {isa = PBXFileReference; fileEncoding = 4; lastKnownFileType = sourcecode.swift; path = HPGettingReadyViewController.swift; sourceTree = "<group>"; };
		8456EBA91D83B75C00F37512 /* CheckMarkButton.swift */ = {isa = PBXFileReference; fileEncoding = 4; lastKnownFileType = sourcecode.swift; path = CheckMarkButton.swift; sourceTree = "<group>"; };
		8456EBAB1D83C54700F37512 /* HWDuringStayViewController.swift */ = {isa = PBXFileReference; fileEncoding = 4; lastKnownFileType = sourcecode.swift; path = HWDuringStayViewController.swift; sourceTree = "<group>"; };
		84B4936D1D8472CF002DB3FA /* PennApps2016f.entitlements */ = {isa = PBXFileReference; lastKnownFileType = text.plist.entitlements; path = PennApps2016f.entitlements; sourceTree = "<group>"; };
		84B4936E1D8472DF002DB3FA /* CloudKit.framework */ = {isa = PBXFileReference; lastKnownFileType = wrapper.framework; name = CloudKit.framework; path = System/Library/Frameworks/CloudKit.framework; sourceTree = SDKROOT; };
		CD0705771D83AE7F000D3E6C /* PennApps2016f.app */ = {isa = PBXFileReference; explicitFileType = wrapper.application; includeInIndex = 0; path = PennApps2016f.app; sourceTree = BUILT_PRODUCTS_DIR; };
		CD07057A1D83AE7F000D3E6C /* AppDelegate.swift */ = {isa = PBXFileReference; lastKnownFileType = sourcecode.swift; path = AppDelegate.swift; sourceTree = "<group>"; };
		CD07057F1D83AE7F000D3E6C /* Base */ = {isa = PBXFileReference; lastKnownFileType = file.storyboard; name = Base; path = Base.lproj/Main.storyboard; sourceTree = "<group>"; };
		CD0705811D83AE7F000D3E6C /* Assets.xcassets */ = {isa = PBXFileReference; lastKnownFileType = folder.assetcatalog; path = Assets.xcassets; sourceTree = "<group>"; };
		CD0705841D83AE7F000D3E6C /* Base */ = {isa = PBXFileReference; lastKnownFileType = file.storyboard; name = Base; path = Base.lproj/LaunchScreen.storyboard; sourceTree = "<group>"; };
		CD0705861D83AE7F000D3E6C /* Info.plist */ = {isa = PBXFileReference; lastKnownFileType = text.plist.xml; path = Info.plist; sourceTree = "<group>"; };
		CD07058C1D83B1CF000D3E6C /* HPButton.swift */ = {isa = PBXFileReference; fileEncoding = 4; lastKnownFileType = sourcecode.swift; path = HPButton.swift; sourceTree = "<group>"; };
		CD07058E1D83B984000D3E6C /* PHWelcomeViewController.swift */ = {isa = PBXFileReference; fileEncoding = 4; lastKnownFileType = sourcecode.swift; path = PHWelcomeViewController.swift; sourceTree = "<group>"; };
		CD0705901D83B994000D3E6C /* PHCheckinViewController.swift */ = {isa = PBXFileReference; fileEncoding = 4; lastKnownFileType = sourcecode.swift; name = PHCheckinViewController.swift; path = ../PHCheckinViewController.swift; sourceTree = "<group>"; };
		CD0705931D83BB64000D3E6C /* MapKit.framework */ = {isa = PBXFileReference; lastKnownFileType = wrapper.framework; name = MapKit.framework; path = System/Library/Frameworks/MapKit.framework; sourceTree = SDKROOT; };
		CD6ECE3F1D83C5F800092608 /* CoreLocation.framework */ = {isa = PBXFileReference; lastKnownFileType = wrapper.framework; name = CoreLocation.framework; path = System/Library/Frameworks/CoreLocation.framework; sourceTree = SDKROOT; };
		CD6ECE411D84244600092608 /* PHUtilities.swift */ = {isa = PBXFileReference; fileEncoding = 4; lastKnownFileType = sourcecode.swift; path = PHUtilities.swift; sourceTree = "<group>"; };
		CD6ECE861D84445100092608 /* PHProblemsViewController.swift */ = {isa = PBXFileReference; fileEncoding = 4; lastKnownFileType = sourcecode.swift; path = PHProblemsViewController.swift; sourceTree = "<group>"; };
		CD7714DC1D844DA9005279EE /* PHCameraViewController.swift */ = {isa = PBXFileReference; fileEncoding = 4; lastKnownFileType = sourcecode.swift; name = PHCameraViewController.swift; path = ../PHCameraViewController.swift; sourceTree = "<group>"; };
		CD7714DE1D844E7D005279EE /* AVKit.framework */ = {isa = PBXFileReference; lastKnownFileType = wrapper.framework; name = AVKit.framework; path = System/Library/Frameworks/AVKit.framework; sourceTree = SDKROOT; };
		CD7714E01D844EA9005279EE /* AVFoundation.framework */ = {isa = PBXFileReference; lastKnownFileType = wrapper.framework; name = AVFoundation.framework; path = System/Library/Frameworks/AVFoundation.framework; sourceTree = SDKROOT; };
/* End PBXFileReference section */

/* Begin PBXFrameworksBuildPhase section */
		CD0705741D83AE7F000D3E6C /* Frameworks */ = {
			isa = PBXFrameworksBuildPhase;
			buildActionMask = 2147483647;
			files = (
				842459F71D842C5900CCF60A /* UIKit.framework in Frameworks */,
				842459F51D842C5400CCF60A /* SystemConfiguration.framework in Frameworks */,
				842459F31D842C4F00CCF60A /* QuartzCore.framework in Frameworks */,
				842459F11D842C4A00CCF60A /* OpenGLES.framework in Frameworks */,
				842459EF1D842C4600CCF60A /* libz.tbd in Frameworks */,
				842459ED1D842C3F00CCF60A /* libc++.tbd in Frameworks */,
				842459EB1D842C0200CCF60A /* ImageIO.framework in Frameworks */,
				842459E91D842BFE00CCF60A /* GLKit.framework in Frameworks */,
				842459E71D842BF900CCF60A /* CoreText.framework in Frameworks */,
				84B4936F1D8472DF002DB3FA /* CloudKit.framework in Frameworks */,
				CD7714E11D844EA9005279EE /* AVFoundation.framework in Frameworks */,
				CD7714DF1D844E7D005279EE /* AVKit.framework in Frameworks */,
				CD6ECE401D83C5F800092608 /* CoreLocation.framework in Frameworks */,
				842459E51D842BEF00CCF60A /* CoreGraphics.framework in Frameworks */,
				842459E31D842BEA00CCF60A /* CoreData.framework in Frameworks */,
				842459E11D842BE400CCF60A /* Accelerate.framework in Frameworks */,
				842459DB1D842B0500CCF60A /* GooglePlaces.framework in Frameworks */,
				842459DD1D842B1C00CCF60A /* GoogleMapsBase.framework in Frameworks */,
				CD0705941D83BB64000D3E6C /* MapKit.framework in Frameworks */,
			);
			runOnlyForDeploymentPostprocessing = 0;
		};
/* End PBXFrameworksBuildPhase section */

/* Begin PBXGroup section */
		CD07056E1D83AE7F000D3E6C = {
			isa = PBXGroup;
			children = (
				CD0705791D83AE7F000D3E6C /* PennApps2016f */,
				CD0705781D83AE7F000D3E6C /* Products */,
				CD0705921D83BB64000D3E6C /* Frameworks */,
			);
			sourceTree = "<group>";
		};
		CD0705781D83AE7F000D3E6C /* Products */ = {
			isa = PBXGroup;
			children = (
				CD0705771D83AE7F000D3E6C /* PennApps2016f.app */,
			);
			name = Products;
			sourceTree = "<group>";
		};
		CD0705791D83AE7F000D3E6C /* PennApps2016f */ = {
			isa = PBXGroup;
			children = (
				84B4936D1D8472CF002DB3FA /* PennApps2016f.entitlements */,
				CD07057A1D83AE7F000D3E6C /* AppDelegate.swift */,
				CD6ECE441D8425C900092608 /* Classes */,
				CD6ECE431D8425BC00092608 /* Storyboards */,
				CD0705811D83AE7F000D3E6C /* Assets.xcassets */,
				CD0705831D83AE7F000D3E6C /* LaunchScreen.storyboard */,
				CD0705861D83AE7F000D3E6C /* Info.plist */,
				CD07058C1D83B1CF000D3E6C /* HPButton.swift */,
				842459DE1D842BBB00CCF60A /* GooglePlaces.bundle */,
			);
			path = PennApps2016f;
			sourceTree = "<group>";
		};
		CD0705921D83BB64000D3E6C /* Frameworks */ = {
			isa = PBXGroup;
			children = (
				84B4936E1D8472DF002DB3FA /* CloudKit.framework */,
				842459F61D842C5900CCF60A /* UIKit.framework */,
				842459F41D842C5400CCF60A /* SystemConfiguration.framework */,
				842459F21D842C4F00CCF60A /* QuartzCore.framework */,
				842459F01D842C4A00CCF60A /* OpenGLES.framework */,
				842459EE1D842C4600CCF60A /* libz.tbd */,
				842459EC1D842C3F00CCF60A /* libc++.tbd */,
				842459EA1D842C0200CCF60A /* ImageIO.framework */,
				842459E81D842BFE00CCF60A /* GLKit.framework */,
				842459E61D842BF900CCF60A /* CoreText.framework */,
				842459E41D842BEF00CCF60A /* CoreGraphics.framework */,
				842459E21D842BEA00CCF60A /* CoreData.framework */,
				842459E01D842BE400CCF60A /* Accelerate.framework */,
				842459DC1D842B1C00CCF60A /* GoogleMapsBase.framework */,
				842459DA1D842B0500CCF60A /* GooglePlaces.framework */,
				CD7714E01D844EA9005279EE /* AVFoundation.framework */,
				CD7714DE1D844E7D005279EE /* AVKit.framework */,
				CD6ECE3F1D83C5F800092608 /* CoreLocation.framework */,
				CD0705931D83BB64000D3E6C /* MapKit.framework */,
			);
			name = Frameworks;
			sourceTree = "<group>";
		};
		CD6ECE431D8425BC00092608 /* Storyboards */ = {
			isa = PBXGroup;
			children = (
				CD07057E1D83AE7F000D3E6C /* Main.storyboard */,
				8456EBA51D83B27A00F37512 /* PostCheckin.storyboard */,
			);
			name = Storyboards;
			sourceTree = "<group>";
		};
		CD6ECE441D8425C900092608 /* Classes */ = {
			isa = PBXGroup;
			children = (
				CD6ECE461D8425D900092608 /* View Conrollers */,
				CD6ECE471D8425E600092608 /* Utils */,
				CD6ECE451D8425D200092608 /* Views */,
			);
			name = Classes;
			sourceTree = "<group>";
		};
		CD6ECE451D8425D200092608 /* Views */ = {
			isa = PBXGroup;
			children = (
				8456EBA91D83B75C00F37512 /* CheckMarkButton.swift */,
				CD07058C1D83B1CF000D3E6C /* HPButton.swift */,
			);
			name = Views;
			sourceTree = "<group>";
		};
		CD6ECE461D8425D900092608 /* View Conrollers */ = {
			isa = PBXGroup;
			children = (
				CD7714DC1D844DA9005279EE /* PHCameraViewController.swift */,
				CD07058E1D83B984000D3E6C /* PHWelcomeViewController.swift */,
				CD0705901D83B994000D3E6C /* PHCheckinViewController.swift */,
				CD6ECE861D84445100092608 /* PHProblemsViewController.swift */,
				8456EBAB1D83C54700F37512 /* HWDuringStayViewController.swift */,
				8456EBA71D83B36000F37512 /* HPGettingReadyViewController.swift */,
			);
			name = "View Conrollers";
			sourceTree = "<group>";
		};
		CD6ECE471D8425E600092608 /* Utils */ = {
			isa = PBXGroup;
			children = (
				CD6ECE411D84244600092608 /* PHUtilities.swift */,
			);
			name = Utils;
			sourceTree = "<group>";
		};
/* End PBXGroup section */

/* Begin PBXNativeTarget section */
		CD0705761D83AE7F000D3E6C /* PennApps2016f */ = {
			isa = PBXNativeTarget;
			buildConfigurationList = CD0705891D83AE7F000D3E6C /* Build configuration list for PBXNativeTarget "PennApps2016f" */;
			buildPhases = (
				CD0705731D83AE7F000D3E6C /* Sources */,
				CD0705741D83AE7F000D3E6C /* Frameworks */,
				CD0705751D83AE7F000D3E6C /* Resources */,
			);
			buildRules = (
			);
			dependencies = (
			);
			name = PennApps2016f;
			productName = PennApps2016f;
			productReference = CD0705771D83AE7F000D3E6C /* PennApps2016f.app */;
			productType = "com.apple.product-type.application";
		};
/* End PBXNativeTarget section */

/* Begin PBXProject section */
		CD07056F1D83AE7F000D3E6C /* Project object */ = {
			isa = PBXProject;
			attributes = {
				LastSwiftUpdateCheck = 0800;
				LastUpgradeCheck = 0800;
				ORGANIZATIONNAME = "Patrick Murray";
				TargetAttributes = {
					CD0705761D83AE7F000D3E6C = {
						CreatedOnToolsVersion = 8.0;
						DevelopmentTeam = 899JT6PKT3;
						LastSwiftMigration = 0800;
						ProvisioningStyle = Automatic;
						SystemCapabilities = {
							com.apple.Maps.iOS = {
								enabled = 1;
							};
							com.apple.Push = {
								enabled = 1;
							};
							com.apple.iCloud = {
								enabled = 1;
							};
						};
					};
				};
			};
			buildConfigurationList = CD0705721D83AE7F000D3E6C /* Build configuration list for PBXProject "PennApps2016f" */;
			compatibilityVersion = "Xcode 3.2";
			developmentRegion = English;
			hasScannedForEncodings = 0;
			knownRegions = (
				en,
				Base,
			);
			mainGroup = CD07056E1D83AE7F000D3E6C;
			productRefGroup = CD0705781D83AE7F000D3E6C /* Products */;
			projectDirPath = "";
			projectRoot = "";
			targets = (
				CD0705761D83AE7F000D3E6C /* PennApps2016f */,
			);
		};
/* End PBXProject section */

/* Begin PBXResourcesBuildPhase section */
		CD0705751D83AE7F000D3E6C /* Resources */ = {
			isa = PBXResourcesBuildPhase;
			buildActionMask = 2147483647;
			files = (
				8456EBA61D83B27A00F37512 /* PostCheckin.storyboard in Resources */,
				CD0705851D83AE7F000D3E6C /* LaunchScreen.storyboard in Resources */,
				CD0705821D83AE7F000D3E6C /* Assets.xcassets in Resources */,
				CD0705801D83AE7F000D3E6C /* Main.storyboard in Resources */,
				842459DF1D842BBB00CCF60A /* GooglePlaces.bundle in Resources */,
			);
			runOnlyForDeploymentPostprocessing = 0;
		};
/* End PBXResourcesBuildPhase section */

/* Begin PBXSourcesBuildPhase section */
		CD0705731D83AE7F000D3E6C /* Sources */ = {
			isa = PBXSourcesBuildPhase;
			buildActionMask = 2147483647;
			files = (
				CD6ECE421D84244600092608 /* PHUtilities.swift in Sources */,
				CD0705911D83B994000D3E6C /* PHCheckinViewController.swift in Sources */,
				CD07058D1D83B1CF000D3E6C /* HPButton.swift in Sources */,
				8456EBAA1D83B75C00F37512 /* CheckMarkButton.swift in Sources */,
				CD6ECE871D84445100092608 /* PHProblemsViewController.swift in Sources */,
				8456EBAC1D83C54700F37512 /* HWDuringStayViewController.swift in Sources */,
				8456EBA81D83B36000F37512 /* HPGettingReadyViewController.swift in Sources */,
				CD07057B1D83AE7F000D3E6C /* AppDelegate.swift in Sources */,
				CD07058F1D83B984000D3E6C /* PHWelcomeViewController.swift in Sources */,
				CD7714DD1D844DA9005279EE /* PHCameraViewController.swift in Sources */,
			);
			runOnlyForDeploymentPostprocessing = 0;
		};
/* End PBXSourcesBuildPhase section */

/* Begin PBXVariantGroup section */
		CD07057E1D83AE7F000D3E6C /* Main.storyboard */ = {
			isa = PBXVariantGroup;
			children = (
				CD07057F1D83AE7F000D3E6C /* Base */,
			);
			name = Main.storyboard;
			sourceTree = "<group>";
		};
		CD0705831D83AE7F000D3E6C /* LaunchScreen.storyboard */ = {
			isa = PBXVariantGroup;
			children = (
				CD0705841D83AE7F000D3E6C /* Base */,
			);
			name = LaunchScreen.storyboard;
			sourceTree = "<group>";
		};
/* End PBXVariantGroup section */

/* Begin XCBuildConfiguration section */
		CD0705871D83AE7F000D3E6C /* Debug */ = {
			isa = XCBuildConfiguration;
			buildSettings = {
				ALWAYS_SEARCH_USER_PATHS = NO;
				CLANG_ANALYZER_NONNULL = YES;
				CLANG_CXX_LANGUAGE_STANDARD = "gnu++0x";
				CLANG_CXX_LIBRARY = "libc++";
				CLANG_ENABLE_MODULES = YES;
				CLANG_ENABLE_OBJC_ARC = YES;
				CLANG_WARN_BOOL_CONVERSION = YES;
				CLANG_WARN_CONSTANT_CONVERSION = YES;
				CLANG_WARN_DIRECT_OBJC_ISA_USAGE = YES_ERROR;
				CLANG_WARN_DOCUMENTATION_COMMENTS = YES;
				CLANG_WARN_EMPTY_BODY = YES;
				CLANG_WARN_ENUM_CONVERSION = YES;
				CLANG_WARN_INFINITE_RECURSION = YES;
				CLANG_WARN_INT_CONVERSION = YES;
				CLANG_WARN_OBJC_ROOT_CLASS = YES_ERROR;
				CLANG_WARN_SUSPICIOUS_MOVES = YES;
				CLANG_WARN_UNREACHABLE_CODE = YES;
				CLANG_WARN__DUPLICATE_METHOD_MATCH = YES;
				"CODE_SIGN_IDENTITY[sdk=iphoneos*]" = "iPhone Developer";
				COPY_PHASE_STRIP = NO;
				DEBUG_INFORMATION_FORMAT = dwarf;
				ENABLE_STRICT_OBJC_MSGSEND = YES;
				ENABLE_TESTABILITY = YES;
				GCC_C_LANGUAGE_STANDARD = gnu99;
				GCC_DYNAMIC_NO_PIC = NO;
				GCC_NO_COMMON_BLOCKS = YES;
				GCC_OPTIMIZATION_LEVEL = 0;
				GCC_PREPROCESSOR_DEFINITIONS = (
					"DEBUG=1",
					"$(inherited)",
				);
				GCC_WARN_64_TO_32_BIT_CONVERSION = YES;
				GCC_WARN_ABOUT_RETURN_TYPE = YES_ERROR;
				GCC_WARN_UNDECLARED_SELECTOR = YES;
				GCC_WARN_UNINITIALIZED_AUTOS = YES_AGGRESSIVE;
				GCC_WARN_UNUSED_FUNCTION = YES;
				GCC_WARN_UNUSED_VARIABLE = YES;
				IPHONEOS_DEPLOYMENT_TARGET = 10.0;
				MTL_ENABLE_DEBUG_INFO = YES;
				ONLY_ACTIVE_ARCH = YES;
				OTHER_LDFLAGS = "-ObjC";
				SDKROOT = iphoneos;
				SWIFT_ACTIVE_COMPILATION_CONDITIONS = DEBUG;
				SWIFT_OPTIMIZATION_LEVEL = "-Onone";
			};
			name = Debug;
		};
		CD0705881D83AE7F000D3E6C /* Release */ = {
			isa = XCBuildConfiguration;
			buildSettings = {
				ALWAYS_SEARCH_USER_PATHS = NO;
				CLANG_ANALYZER_NONNULL = YES;
				CLANG_CXX_LANGUAGE_STANDARD = "gnu++0x";
				CLANG_CXX_LIBRARY = "libc++";
				CLANG_ENABLE_MODULES = YES;
				CLANG_ENABLE_OBJC_ARC = YES;
				CLANG_WARN_BOOL_CONVERSION = YES;
				CLANG_WARN_CONSTANT_CONVERSION = YES;
				CLANG_WARN_DIRECT_OBJC_ISA_USAGE = YES_ERROR;
				CLANG_WARN_DOCUMENTATION_COMMENTS = YES;
				CLANG_WARN_EMPTY_BODY = YES;
				CLANG_WARN_ENUM_CONVERSION = YES;
				CLANG_WARN_INFINITE_RECURSION = YES;
				CLANG_WARN_INT_CONVERSION = YES;
				CLANG_WARN_OBJC_ROOT_CLASS = YES_ERROR;
				CLANG_WARN_SUSPICIOUS_MOVES = YES;
				CLANG_WARN_UNREACHABLE_CODE = YES;
				CLANG_WARN__DUPLICATE_METHOD_MATCH = YES;
				"CODE_SIGN_IDENTITY[sdk=iphoneos*]" = "iPhone Developer";
				COPY_PHASE_STRIP = NO;
				DEBUG_INFORMATION_FORMAT = "dwarf-with-dsym";
				ENABLE_NS_ASSERTIONS = NO;
				ENABLE_STRICT_OBJC_MSGSEND = YES;
				GCC_C_LANGUAGE_STANDARD = gnu99;
				GCC_NO_COMMON_BLOCKS = YES;
				GCC_WARN_64_TO_32_BIT_CONVERSION = YES;
				GCC_WARN_ABOUT_RETURN_TYPE = YES_ERROR;
				GCC_WARN_UNDECLARED_SELECTOR = YES;
				GCC_WARN_UNINITIALIZED_AUTOS = YES_AGGRESSIVE;
				GCC_WARN_UNUSED_FUNCTION = YES;
				GCC_WARN_UNUSED_VARIABLE = YES;
				IPHONEOS_DEPLOYMENT_TARGET = 10.0;
				MTL_ENABLE_DEBUG_INFO = NO;
				OTHER_LDFLAGS = "-ObjC";
				SDKROOT = iphoneos;
				SWIFT_OPTIMIZATION_LEVEL = "-Owholemodule";
				VALIDATE_PRODUCT = YES;
			};
			name = Release;
		};
		CD07058A1D83AE7F000D3E6C /* Debug */ = {
			isa = XCBuildConfiguration;
			buildSettings = {
				ASSETCATALOG_COMPILER_APPICON_NAME = AppIcon;
				CODE_SIGN_ENTITLEMENTS = PennApps2016f/PennApps2016f.entitlements;
				DEVELOPMENT_TEAM = 899JT6PKT3;
				FRAMEWORK_SEARCH_PATHS = (
					"$(inherited)",
					"$(PROJECT_DIR)",
				);
				INFOPLIST_FILE = PennApps2016f/Info.plist;
				LD_RUNPATH_SEARCH_PATHS = "$(inherited) @executable_path/Frameworks";
				PRODUCT_BUNDLE_IDENTIFIER = com.harrisonweinerman.frontdesk;
				PRODUCT_NAME = "$(TARGET_NAME)";
				SWIFT_VERSION = 3.0;
			};
			name = Debug;
		};
		CD07058B1D83AE7F000D3E6C /* Release */ = {
			isa = XCBuildConfiguration;
			buildSettings = {
				ASSETCATALOG_COMPILER_APPICON_NAME = AppIcon;
				CODE_SIGN_ENTITLEMENTS = PennApps2016f/PennApps2016f.entitlements;
				DEVELOPMENT_TEAM = 899JT6PKT3;
				FRAMEWORK_SEARCH_PATHS = (
					"$(inherited)",
					"$(PROJECT_DIR)",
				);
				INFOPLIST_FILE = PennApps2016f/Info.plist;
				LD_RUNPATH_SEARCH_PATHS = "$(inherited) @executable_path/Frameworks";
				PRODUCT_BUNDLE_IDENTIFIER = com.harrisonweinerman.frontdesk;
				PRODUCT_NAME = "$(TARGET_NAME)";
				SWIFT_VERSION = 3.0;
			};
			name = Release;
		};
/* End XCBuildConfiguration section */

/* Begin XCConfigurationList section */
		CD0705721D83AE7F000D3E6C /* Build configuration list for PBXProject "PennApps2016f" */ = {
			isa = XCConfigurationList;
			buildConfigurations = (
				CD0705871D83AE7F000D3E6C /* Debug */,
				CD0705881D83AE7F000D3E6C /* Release */,
			);
			defaultConfigurationIsVisible = 0;
			defaultConfigurationName = Release;
		};
		CD0705891D83AE7F000D3E6C /* Build configuration list for PBXNativeTarget "PennApps2016f" */ = {
			isa = XCConfigurationList;
			buildConfigurations = (
				CD07058A1D83AE7F000D3E6C /* Debug */,
				CD07058B1D83AE7F000D3E6C /* Release */,
			);
			defaultConfigurationIsVisible = 0;
			defaultConfigurationName = Release;
		};
/* End XCConfigurationList section */
	};
	rootObject = CD07056F1D83AE7F000D3E6C /* Project object */;
}
