// !$*UTF8*$!
{
	archiveVersion = 1;
	classes = {
	};
	objectVersion = 46;
	objects = {

/* Begin PBXBuildFile section */
		840D1E5A1D84BF2300D33938 /* house.jpg in Resources */ = {isa = PBXBuildFile; fileRef = 840D1E591D84BF2300D33938 /* house.jpg */; };
		840D1E5C1D84BF6300D33938 /* houseLights.jpg in Resources */ = {isa = PBXBuildFile; fileRef = 840D1E5B1D84BF6300D33938 /* houseLights.jpg */; };
		84554B131D84C8A300AEC2F1 /* padlock-closed.png in Resources */ = {isa = PBXBuildFile; fileRef = 84554B111D84C8A300AEC2F1 /* padlock-closed.png */; };
		84554B141D84C8A300AEC2F1 /* padlock-open.png in Resources */ = {isa = PBXBuildFile; fileRef = 84554B121D84C8A300AEC2F1 /* padlock-open.png */; };
		84554B651D8560B900AEC2F1 /* lock.aiff in Resources */ = {isa = PBXBuildFile; fileRef = 84554B631D8560B900AEC2F1 /* lock.aiff */; };
		84554B661D8560B900AEC2F1 /* unlock.aiff in Resources */ = {isa = PBXBuildFile; fileRef = 84554B641D8560B900AEC2F1 /* unlock.aiff */; };
		84554B681D85611600AEC2F1 /* AVFoundation.framework in Frameworks */ = {isa = PBXBuildFile; fileRef = 84554B671D85611600AEC2F1 /* AVFoundation.framework */; };
		84B4937D1D849E0C002DB3FA /* AppDelegate.swift in Sources */ = {isa = PBXBuildFile; fileRef = 84B4937C1D849E0C002DB3FA /* AppDelegate.swift */; };
		84B4937F1D849E0C002DB3FA /* ViewController.swift in Sources */ = {isa = PBXBuildFile; fileRef = 84B4937E1D849E0C002DB3FA /* ViewController.swift */; };
		84B493821D849E0C002DB3FA /* Main.storyboard in Resources */ = {isa = PBXBuildFile; fileRef = 84B493801D849E0C002DB3FA /* Main.storyboard */; };
		84B493841D849E0C002DB3FA /* Assets.xcassets in Resources */ = {isa = PBXBuildFile; fileRef = 84B493831D849E0C002DB3FA /* Assets.xcassets */; };
		84B493871D849E0C002DB3FA /* LaunchScreen.storyboard in Resources */ = {isa = PBXBuildFile; fileRef = 84B493851D849E0C002DB3FA /* LaunchScreen.storyboard */; };
		84B493911D849E42002DB3FA /* CloudKit.framework in Frameworks */ = {isa = PBXBuildFile; fileRef = 84B493901D849E42002DB3FA /* CloudKit.framework */; };
/* End PBXBuildFile section */

/* Begin PBXFileReference section */
		840D1E591D84BF2300D33938 /* house.jpg */ = {isa = PBXFileReference; lastKnownFileType = image.jpeg; name = house.jpg; path = ../../../../../house.jpg; sourceTree = "<group>"; };
		840D1E5B1D84BF6300D33938 /* houseLights.jpg */ = {isa = PBXFileReference; lastKnownFileType = image.jpeg; name = houseLights.jpg; path = ../../../../../houseLights.jpg; sourceTree = "<group>"; };
		84554B111D84C8A300AEC2F1 /* padlock-closed.png */ = {isa = PBXFileReference; lastKnownFileType = image.png; name = "padlock-closed.png"; path = "../../../../../../Downloads/padlock-closed.png"; sourceTree = "<group>"; };
		84554B121D84C8A300AEC2F1 /* padlock-open.png */ = {isa = PBXFileReference; lastKnownFileType = image.png; name = "padlock-open.png"; path = "../../../../../../Downloads/padlock-open.png"; sourceTree = "<group>"; };
		84554B631D8560B900AEC2F1 /* lock.aiff */ = {isa = PBXFileReference; lastKnownFileType = audio.aiff; path = lock.aiff; sourceTree = "<group>"; };
		84554B641D8560B900AEC2F1 /* unlock.aiff */ = {isa = PBXFileReference; lastKnownFileType = audio.aiff; path = unlock.aiff; sourceTree = "<group>"; };
		84554B671D85611600AEC2F1 /* AVFoundation.framework */ = {isa = PBXFileReference; lastKnownFileType = wrapper.framework; name = AVFoundation.framework; path = System/Library/Frameworks/AVFoundation.framework; sourceTree = SDKROOT; };
		84B493791D849E0C002DB3FA /* frontdesk.app */ = {isa = PBXFileReference; explicitFileType = wrapper.application; includeInIndex = 0; path = frontdesk.app; sourceTree = BUILT_PRODUCTS_DIR; };
		84B4937C1D849E0C002DB3FA /* AppDelegate.swift */ = {isa = PBXFileReference; lastKnownFileType = sourcecode.swift; path = AppDelegate.swift; sourceTree = "<group>"; };
		84B4937E1D849E0C002DB3FA /* ViewController.swift */ = {isa = PBXFileReference; lastKnownFileType = sourcecode.swift; path = ViewController.swift; sourceTree = "<group>"; };
		84B493811D849E0C002DB3FA /* Base */ = {isa = PBXFileReference; lastKnownFileType = file.storyboard; name = Base; path = Base.lproj/Main.storyboard; sourceTree = "<group>"; };
		84B493831D849E0C002DB3FA /* Assets.xcassets */ = {isa = PBXFileReference; lastKnownFileType = folder.assetcatalog; path = Assets.xcassets; sourceTree = "<group>"; };
		84B493861D849E0C002DB3FA /* Base */ = {isa = PBXFileReference; lastKnownFileType = file.storyboard; name = Base; path = Base.lproj/LaunchScreen.storyboard; sourceTree = "<group>"; };
		84B493881D849E0C002DB3FA /* Info.plist */ = {isa = PBXFileReference; lastKnownFileType = text.plist.xml; path = Info.plist; sourceTree = "<group>"; };
		84B4938E1D849E3C002DB3FA /* frontdesk.entitlements */ = {isa = PBXFileReference; lastKnownFileType = text.plist.entitlements; path = frontdesk.entitlements; sourceTree = "<group>"; };
		84B493901D849E42002DB3FA /* CloudKit.framework */ = {isa = PBXFileReference; lastKnownFileType = wrapper.framework; name = CloudKit.framework; path = System/Library/Frameworks/CloudKit.framework; sourceTree = SDKROOT; };
/* End PBXFileReference section */

/* Begin PBXFrameworksBuildPhase section */
		84B493761D849E0C002DB3FA /* Frameworks */ = {
			isa = PBXFrameworksBuildPhase;
			buildActionMask = 2147483647;
			files = (
				84554B681D85611600AEC2F1 /* AVFoundation.framework in Frameworks */,
				84B493911D849E42002DB3FA /* CloudKit.framework in Frameworks */,
			);
			runOnlyForDeploymentPostprocessing = 0;
		};
/* End PBXFrameworksBuildPhase section */

/* Begin PBXGroup section */
		84B493701D849E0C002DB3FA = {
			isa = PBXGroup;
			children = (
				84B4937B1D849E0C002DB3FA /* frontdesk */,
				84B4937A1D849E0C002DB3FA /* Products */,
				84B4938F1D849E42002DB3FA /* Frameworks */,
			);
			sourceTree = "<group>";
		};
		84B4937A1D849E0C002DB3FA /* Products */ = {
			isa = PBXGroup;
			children = (
				84B493791D849E0C002DB3FA /* frontdesk.app */,
			);
			name = Products;
			sourceTree = "<group>";
		};
		84B4937B1D849E0C002DB3FA /* frontdesk */ = {
			isa = PBXGroup;
			children = (
				84B4938E1D849E3C002DB3FA /* frontdesk.entitlements */,
				84B4937C1D849E0C002DB3FA /* AppDelegate.swift */,
				84B4937E1D849E0C002DB3FA /* ViewController.swift */,
				84554B631D8560B900AEC2F1 /* lock.aiff */,
				84554B641D8560B900AEC2F1 /* unlock.aiff */,
				84554B111D84C8A300AEC2F1 /* padlock-closed.png */,
				84554B121D84C8A300AEC2F1 /* padlock-open.png */,
				840D1E591D84BF2300D33938 /* house.jpg */,
				84B493801D849E0C002DB3FA /* Main.storyboard */,
				840D1E5B1D84BF6300D33938 /* houseLights.jpg */,
				84B493831D849E0C002DB3FA /* Assets.xcassets */,
				84B493851D849E0C002DB3FA /* LaunchScreen.storyboard */,
				84B493881D849E0C002DB3FA /* Info.plist */,
			);
			path = frontdesk;
			sourceTree = "<group>";
		};
		84B4938F1D849E42002DB3FA /* Frameworks */ = {
			isa = PBXGroup;
			children = (
				84554B671D85611600AEC2F1 /* AVFoundation.framework */,
				84B493901D849E42002DB3FA /* CloudKit.framework */,
			);
			name = Frameworks;
			sourceTree = "<group>";
		};
/* End PBXGroup section */

/* Begin PBXNativeTarget section */
		84B493781D849E0C002DB3FA /* frontdesk */ = {
			isa = PBXNativeTarget;
			buildConfigurationList = 84B4938B1D849E0C002DB3FA /* Build configuration list for PBXNativeTarget "frontdesk" */;
			buildPhases = (
				84B493751D849E0C002DB3FA /* Sources */,
				84B493761D849E0C002DB3FA /* Frameworks */,
				84B493771D849E0C002DB3FA /* Resources */,
			);
			buildRules = (
			);
			dependencies = (
			);
			name = frontdesk;
			productName = frontdesk;
			productReference = 84B493791D849E0C002DB3FA /* frontdesk.app */;
			productType = "com.apple.product-type.application";
		};
/* End PBXNativeTarget section */

/* Begin PBXProject section */
		84B493711D849E0C002DB3FA /* Project object */ = {
			isa = PBXProject;
			attributes = {
				LastSwiftUpdateCheck = 0800;
				LastUpgradeCheck = 0800;
				ORGANIZATIONNAME = harrisonweinerman;
				TargetAttributes = {
					84B493781D849E0C002DB3FA = {
						CreatedOnToolsVersion = 8.0;
						DevelopmentTeam = 899JT6PKT3;
						ProvisioningStyle = Automatic;
						SystemCapabilities = {
							com.apple.Push = {
								enabled = 1;
							};
							com.apple.iCloud = {
								enabled = 1;
							};
						};
					};
				};
			};
			buildConfigurationList = 84B493741D849E0C002DB3FA /* Build configuration list for PBXProject "frontdesk" */;
			compatibilityVersion = "Xcode 3.2";
			developmentRegion = English;
			hasScannedForEncodings = 0;
			knownRegions = (
				en,
				Base,
			);
			mainGroup = 84B493701D849E0C002DB3FA;
			productRefGroup = 84B4937A1D849E0C002DB3FA /* Products */;
			projectDirPath = "";
			projectRoot = "";
			targets = (
				84B493781D849E0C002DB3FA /* frontdesk */,
			);
		};
/* End PBXProject section */

/* Begin PBXResourcesBuildPhase section */
		84B493771D849E0C002DB3FA /* Resources */ = {
			isa = PBXResourcesBuildPhase;
			buildActionMask = 2147483647;
			files = (
				840D1E5A1D84BF2300D33938 /* house.jpg in Resources */,
				84B493871D849E0C002DB3FA /* LaunchScreen.storyboard in Resources */,
				84554B131D84C8A300AEC2F1 /* padlock-closed.png in Resources */,
				84554B661D8560B900AEC2F1 /* unlock.aiff in Resources */,
				84554B141D84C8A300AEC2F1 /* padlock-open.png in Resources */,
				84B493841D849E0C002DB3FA /* Assets.xcassets in Resources */,
				840D1E5C1D84BF6300D33938 /* houseLights.jpg in Resources */,
				84554B651D8560B900AEC2F1 /* lock.aiff in Resources */,
				84B493821D849E0C002DB3FA /* Main.storyboard in Resources */,
			);
			runOnlyForDeploymentPostprocessing = 0;
		};
/* End PBXResourcesBuildPhase section */

/* Begin PBXSourcesBuildPhase section */
		84B493751D849E0C002DB3FA /* Sources */ = {
			isa = PBXSourcesBuildPhase;
			buildActionMask = 2147483647;
			files = (
				84B4937F1D849E0C002DB3FA /* ViewController.swift in Sources */,
				84B4937D1D849E0C002DB3FA /* AppDelegate.swift in Sources */,
			);
			runOnlyForDeploymentPostprocessing = 0;
		};
/* End PBXSourcesBuildPhase section */

/* Begin PBXVariantGroup section */
		84B493801D849E0C002DB3FA /* Main.storyboard */ = {
			isa = PBXVariantGroup;
			children = (
				84B493811D849E0C002DB3FA /* Base */,
			);
			name = Main.storyboard;
			sourceTree = "<group>";
		};
		84B493851D849E0C002DB3FA /* LaunchScreen.storyboard */ = {
			isa = PBXVariantGroup;
			children = (
				84B493861D849E0C002DB3FA /* Base */,
			);
			name = LaunchScreen.storyboard;
			sourceTree = "<group>";
		};
/* End PBXVariantGroup section */

/* Begin XCBuildConfiguration section */
		84B493891D849E0C002DB3FA /* Debug */ = {
			isa = XCBuildConfiguration;
			buildSettings = {
				ALWAYS_SEARCH_USER_PATHS = NO;
				CLANG_ANALYZER_NONNULL = YES;
				CLANG_CXX_LANGUAGE_STANDARD = "gnu++0x";
				CLANG_CXX_LIBRARY = "libc++";
				CLANG_ENABLE_MODULES = YES;
				CLANG_ENABLE_OBJC_ARC = YES;
				CLANG_WARN_BOOL_CONVERSION = YES;
				CLANG_WARN_CONSTANT_CONVERSION = YES;
				CLANG_WARN_DIRECT_OBJC_ISA_USAGE = YES_ERROR;
				CLANG_WARN_DOCUMENTATION_COMMENTS = YES;
				CLANG_WARN_EMPTY_BODY = YES;
				CLANG_WARN_ENUM_CONVERSION = YES;
				CLANG_WARN_INFINITE_RECURSION = YES;
				CLANG_WARN_INT_CONVERSION = YES;
				CLANG_WARN_OBJC_ROOT_CLASS = YES_ERROR;
				CLANG_WARN_SUSPICIOUS_MOVES = YES;
				CLANG_WARN_UNREACHABLE_CODE = YES;
				CLANG_WARN__DUPLICATE_METHOD_MATCH = YES;
				"CODE_SIGN_IDENTITY[sdk=iphoneos*]" = "iPhone Developer";
				COPY_PHASE_STRIP = NO;
				DEBUG_INFORMATION_FORMAT = dwarf;
				ENABLE_STRICT_OBJC_MSGSEND = YES;
				ENABLE_TESTABILITY = YES;
				GCC_C_LANGUAGE_STANDARD = gnu99;
				GCC_DYNAMIC_NO_PIC = NO;
				GCC_NO_COMMON_BLOCKS = YES;
				GCC_OPTIMIZATION_LEVEL = 0;
				GCC_PREPROCESSOR_DEFINITIONS = (
					"DEBUG=1",
					"$(inherited)",
				);
				GCC_WARN_64_TO_32_BIT_CONVERSION = YES;
				GCC_WARN_ABOUT_RETURN_TYPE = YES_ERROR;
				GCC_WARN_UNDECLARED_SELECTOR = YES;
				GCC_WARN_UNINITIALIZED_AUTOS = YES_AGGRESSIVE;
				GCC_WARN_UNUSED_FUNCTION = YES;
				GCC_WARN_UNUSED_VARIABLE = YES;
				IPHONEOS_DEPLOYMENT_TARGET = 10.0;
				MTL_ENABLE_DEBUG_INFO = YES;
				ONLY_ACTIVE_ARCH = YES;
				SDKROOT = iphoneos;
				SWIFT_ACTIVE_COMPILATION_CONDITIONS = DEBUG;
				SWIFT_OPTIMIZATION_LEVEL = "-Onone";
				TARGETED_DEVICE_FAMILY = 2;
			};
			name = Debug;
		};
		84B4938A1D849E0C002DB3FA /* Release */ = {
			isa = XCBuildConfiguration;
			buildSettings = {
				ALWAYS_SEARCH_USER_PATHS = NO;
				CLANG_ANALYZER_NONNULL = YES;
				CLANG_CXX_LANGUAGE_STANDARD = "gnu++0x";
				CLANG_CXX_LIBRARY = "libc++";
				CLANG_ENABLE_MODULES = YES;
				CLANG_ENABLE_OBJC_ARC = YES;
				CLANG_WARN_BOOL_CONVERSION = YES;
				CLANG_WARN_CONSTANT_CONVERSION = YES;
				CLANG_WARN_DIRECT_OBJC_ISA_USAGE = YES_ERROR;
				CLANG_WARN_DOCUMENTATION_COMMENTS = YES;
				CLANG_WARN_EMPTY_BODY = YES;
				CLANG_WARN_ENUM_CONVERSION = YES;
				CLANG_WARN_INFINITE_RECURSION = YES;
				CLANG_WARN_INT_CONVERSION = YES;
				CLANG_WARN_OBJC_ROOT_CLASS = YES_ERROR;
				CLANG_WARN_SUSPICIOUS_MOVES = YES;
				CLANG_WARN_UNREACHABLE_CODE = YES;
				CLANG_WARN__DUPLICATE_METHOD_MATCH = YES;
				"CODE_SIGN_IDENTITY[sdk=iphoneos*]" = "iPhone Developer";
				COPY_PHASE_STRIP = NO;
				DEBUG_INFORMATION_FORMAT = "dwarf-with-dsym";
				ENABLE_NS_ASSERTIONS = NO;
				ENABLE_STRICT_OBJC_MSGSEND = YES;
				GCC_C_LANGUAGE_STANDARD = gnu99;
				GCC_NO_COMMON_BLOCKS = YES;
				GCC_WARN_64_TO_32_BIT_CONVERSION = YES;
				GCC_WARN_ABOUT_RETURN_TYPE = YES_ERROR;
				GCC_WARN_UNDECLARED_SELECTOR = YES;
				GCC_WARN_UNINITIALIZED_AUTOS = YES_AGGRESSIVE;
				GCC_WARN_UNUSED_FUNCTION = YES;
				GCC_WARN_UNUSED_VARIABLE = YES;
				IPHONEOS_DEPLOYMENT_TARGET = 10.0;
				MTL_ENABLE_DEBUG_INFO = NO;
				SDKROOT = iphoneos;
				SWIFT_OPTIMIZATION_LEVEL = "-Owholemodule";
				TARGETED_DEVICE_FAMILY = 2;
				VALIDATE_PRODUCT = YES;
			};
			name = Release;
		};
		84B4938C1D849E0C002DB3FA /* Debug */ = {
			isa = XCBuildConfiguration;
			buildSettings = {
				ASSETCATALOG_COMPILER_APPICON_NAME = AppIcon;
				CODE_SIGN_ENTITLEMENTS = frontdesk/frontdesk.entitlements;
				DEVELOPMENT_TEAM = 899JT6PKT3;
				INFOPLIST_FILE = frontdesk/Info.plist;
				LD_RUNPATH_SEARCH_PATHS = "$(inherited) @executable_path/Frameworks";
				PRODUCT_BUNDLE_IDENTIFIER = com.harrisonweinerman.frontdesk;
				PRODUCT_NAME = "$(TARGET_NAME)";
				SWIFT_VERSION = 3.0;
			};
			name = Debug;
		};
		84B4938D1D849E0C002DB3FA /* Release */ = {
			isa = XCBuildConfiguration;
			buildSettings = {
				ASSETCATALOG_COMPILER_APPICON_NAME = AppIcon;
				CODE_SIGN_ENTITLEMENTS = frontdesk/frontdesk.entitlements;
				DEVELOPMENT_TEAM = 899JT6PKT3;
				INFOPLIST_FILE = frontdesk/Info.plist;
				LD_RUNPATH_SEARCH_PATHS = "$(inherited) @executable_path/Frameworks";
				PRODUCT_BUNDLE_IDENTIFIER = com.harrisonweinerman.frontdesk;
				PRODUCT_NAME = "$(TARGET_NAME)";
				SWIFT_VERSION = 3.0;
			};
			name = Release;
		};
/* End XCBuildConfiguration section */

/* Begin XCConfigurationList section */
		84B493741D849E0C002DB3FA /* Build configuration list for PBXProject "frontdesk" */ = {
			isa = XCConfigurationList;
			buildConfigurations = (
				84B493891D849E0C002DB3FA /* Debug */,
				84B4938A1D849E0C002DB3FA /* Release */,
			);
			defaultConfigurationIsVisible = 0;
			defaultConfigurationName = Release;
		};
		84B4938B1D849E0C002DB3FA /* Build configuration list for PBXNativeTarget "frontdesk" */ = {
			isa = XCConfigurationList;
			buildConfigurations = (
				84B4938C1D849E0C002DB3FA /* Debug */,
				84B4938D1D849E0C002DB3FA /* Release */,
			);
			defaultConfigurationIsVisible = 0;
			defaultConfigurationName = Release;
		};
/* End XCConfigurationList section */
	};
	rootObject = 84B493711D849E0C002DB3FA /* Project object */;
}
